
Microsoft Visual Studio Solution File, Format Version 12.00
# Visual Studio 15
VisualStudioVersion = 15.0.28010.2036
MinimumVisualStudioVersion = 10.0.40219.1
Project("{9A19103F-16F7-4668-BE54-9A1E7A4F7556}") = "SchoolManagement.Business", "SchoolManagement.Business\SchoolManagement.Business.csproj", "{6FCA9D7D-A814-45B8-A72B-484FA1304AFA}"
EndProject
Project("{9A19103F-16F7-4668-BE54-9A1E7A4F7556}") = "SchoolManagement.DataAccess", "SchoolManagement.DataAccess\SchoolManagement.DataAccess.csproj", "{D9078AC5-EFED-469D-A524-84DE8D17B700}"
EndProject
Project("{9A19103F-16F7-4668-BE54-9A1E7A4F7556}") = "SchoolManagement.Model", "SchoolManagement.Model\SchoolManagement.Model.csproj", "{0C0EB20E-65E7-4588-B6D9-AC0873B73232}"
EndProject
Project("{00D1A9C2-B5F0-4AF3-8072-F6C62B433612}") = "SchoolManagement.Database", "SchoolManagement.Database\SchoolManagement.Database.sqlproj", "{A5143BA2-F52E-44C0-9C6A-7A5EEACD8C52}"
EndProject
Project("{9A19103F-16F7-4668-BE54-9A1E7A4F7556}") = "SchoolManagement.Web", "SchoolManagement.Web\SchoolManagement.Web.csproj", "{4B26CC83-663B-4D25-9ABE-8CFD0113B71C}"
EndProject
Project("{9A19103F-16F7-4668-BE54-9A1E7A4F7556}") = "SchoolManagement.Api", "SchoolManagement.Api\SchoolManagement.Api.csproj", "{A23B2554-BCED-474A-A666-4186C76D9020}"
EndProject
Global
	GlobalSection(SolutionConfigurationPlatforms) = preSolution
		Debug|Android = Debug|Android
		Debug|Any CPU = Debug|Any CPU
		Debug|iOS = Debug|iOS
		Debug|Windows-ARM = Debug|Windows-ARM
		Debug|Windows-x64 = Debug|Windows-x64
		Debug|Windows-x86 = Debug|Windows-x86
		Production|Android = Production|Android
		Production|Any CPU = Production|Any CPU
		Production|iOS = Production|iOS
		Production|Windows-ARM = Production|Windows-ARM
		Production|Windows-x64 = Production|Windows-x64
		Production|Windows-x86 = Production|Windows-x86
		Release|Android = Release|Android
		Release|Any CPU = Release|Any CPU
		Release|iOS = Release|iOS
		Release|Windows-ARM = Release|Windows-ARM
		Release|Windows-x64 = Release|Windows-x64
		Release|Windows-x86 = Release|Windows-x86
	EndGlobalSection
	GlobalSection(ProjectConfigurationPlatforms) = postSolution
		{6FCA9D7D-A814-45B8-A72B-484FA1304AFA}.Debug|Android.ActiveCfg = Debug|Any CPU
		{6FCA9D7D-A814-45B8-A72B-484FA1304AFA}.Debug|Android.Build.0 = Debug|Any CPU
		{6FCA9D7D-A814-45B8-A72B-484FA1304AFA}.Debug|Any CPU.ActiveCfg = Debug|Any CPU
		{6FCA9D7D-A814-45B8-A72B-484FA1304AFA}.Debug|Any CPU.Build.0 = Debug|Any CPU
		{6FCA9D7D-A814-45B8-A72B-484FA1304AFA}.Debug|iOS.ActiveCfg = Debug|Any CPU
		{6FCA9D7D-A814-45B8-A72B-484FA1304AFA}.Debug|iOS.Build.0 = Debug|Any CPU
		{6FCA9D7D-A814-45B8-A72B-484FA1304AFA}.Debug|Windows-ARM.ActiveCfg = Debug|Any CPU
		{6FCA9D7D-A814-45B8-A72B-484FA1304AFA}.Debug|Windows-ARM.Build.0 = Debug|Any CPU
		{6FCA9D7D-A814-45B8-A72B-484FA1304AFA}.Debug|Windows-x64.ActiveCfg = Debug|Any CPU
		{6FCA9D7D-A814-45B8-A72B-484FA1304AFA}.Debug|Windows-x64.Build.0 = Debug|Any CPU
		{6FCA9D7D-A814-45B8-A72B-484FA1304AFA}.Debug|Windows-x86.ActiveCfg = Debug|Any CPU
		{6FCA9D7D-A814-45B8-A72B-484FA1304AFA}.Debug|Windows-x86.Build.0 = Debug|Any CPU
		{6FCA9D7D-A814-45B8-A72B-484FA1304AFA}.Production|Android.ActiveCfg = Production|Any CPU
		{6FCA9D7D-A814-45B8-A72B-484FA1304AFA}.Production|Android.Build.0 = Production|Any CPU
		{6FCA9D7D-A814-45B8-A72B-484FA1304AFA}.Production|Any CPU.ActiveCfg = Production|Any CPU
		{6FCA9D7D-A814-45B8-A72B-484FA1304AFA}.Production|Any CPU.Build.0 = Production|Any CPU
		{6FCA9D7D-A814-45B8-A72B-484FA1304AFA}.Production|iOS.ActiveCfg = Production|Any CPU
		{6FCA9D7D-A814-45B8-A72B-484FA1304AFA}.Production|iOS.Build.0 = Production|Any CPU
		{6FCA9D7D-A814-45B8-A72B-484FA1304AFA}.Production|Windows-ARM.ActiveCfg = Production|Any CPU
		{6FCA9D7D-A814-45B8-A72B-484FA1304AFA}.Production|Windows-ARM.Build.0 = Production|Any CPU
		{6FCA9D7D-A814-45B8-A72B-484FA1304AFA}.Production|Windows-x64.ActiveCfg = Production|Any CPU
		{6FCA9D7D-A814-45B8-A72B-484FA1304AFA}.Production|Windows-x64.Build.0 = Production|Any CPU
		{6FCA9D7D-A814-45B8-A72B-484FA1304AFA}.Production|Windows-x86.ActiveCfg = Production|Any CPU
		{6FCA9D7D-A814-45B8-A72B-484FA1304AFA}.Production|Windows-x86.Build.0 = Production|Any CPU
		{6FCA9D7D-A814-45B8-A72B-484FA1304AFA}.Release|Android.ActiveCfg = Release|Any CPU
		{6FCA9D7D-A814-45B8-A72B-484FA1304AFA}.Release|Android.Build.0 = Release|Any CPU
		{6FCA9D7D-A814-45B8-A72B-484FA1304AFA}.Release|Any CPU.ActiveCfg = Release|Any CPU
		{6FCA9D7D-A814-45B8-A72B-484FA1304AFA}.Release|Any CPU.Build.0 = Release|Any CPU
		{6FCA9D7D-A814-45B8-A72B-484FA1304AFA}.Release|iOS.ActiveCfg = Release|Any CPU
		{6FCA9D7D-A814-45B8-A72B-484FA1304AFA}.Release|iOS.Build.0 = Release|Any CPU
		{6FCA9D7D-A814-45B8-A72B-484FA1304AFA}.Release|Windows-ARM.ActiveCfg = Release|Any CPU
		{6FCA9D7D-A814-45B8-A72B-484FA1304AFA}.Release|Windows-ARM.Build.0 = Release|Any CPU
		{6FCA9D7D-A814-45B8-A72B-484FA1304AFA}.Release|Windows-x64.ActiveCfg = Release|Any CPU
		{6FCA9D7D-A814-45B8-A72B-484FA1304AFA}.Release|Windows-x64.Build.0 = Release|Any CPU
		{6FCA9D7D-A814-45B8-A72B-484FA1304AFA}.Release|Windows-x86.ActiveCfg = Release|Any CPU
		{6FCA9D7D-A814-45B8-A72B-484FA1304AFA}.Release|Windows-x86.Build.0 = Release|Any CPU
		{D9078AC5-EFED-469D-A524-84DE8D17B700}.Debug|Android.ActiveCfg = Debug|Any CPU
		{D9078AC5-EFED-469D-A524-84DE8D17B700}.Debug|Android.Build.0 = Debug|Any CPU
		{D9078AC5-EFED-469D-A524-84DE8D17B700}.Debug|Any CPU.ActiveCfg = Debug|Any CPU
		{D9078AC5-EFED-469D-A524-84DE8D17B700}.Debug|Any CPU.Build.0 = Debug|Any CPU
		{D9078AC5-EFED-469D-A524-84DE8D17B700}.Debug|iOS.ActiveCfg = Debug|Any CPU
		{D9078AC5-EFED-469D-A524-84DE8D17B700}.Debug|iOS.Build.0 = Debug|Any CPU
		{D9078AC5-EFED-469D-A524-84DE8D17B700}.Debug|Windows-ARM.ActiveCfg = Debug|Any CPU
		{D9078AC5-EFED-469D-A524-84DE8D17B700}.Debug|Windows-ARM.Build.0 = Debug|Any CPU
		{D9078AC5-EFED-469D-A524-84DE8D17B700}.Debug|Windows-x64.ActiveCfg = Debug|Any CPU
		{D9078AC5-EFED-469D-A524-84DE8D17B700}.Debug|Windows-x64.Build.0 = Debug|Any CPU
		{D9078AC5-EFED-469D-A524-84DE8D17B700}.Debug|Windows-x86.ActiveCfg = Debug|Any CPU
		{D9078AC5-EFED-469D-A524-84DE8D17B700}.Debug|Windows-x86.Build.0 = Debug|Any CPU
		{D9078AC5-EFED-469D-A524-84DE8D17B700}.Production|Android.ActiveCfg = Production|Any CPU
		{D9078AC5-EFED-469D-A524-84DE8D17B700}.Production|Android.Build.0 = Production|Any CPU
		{D9078AC5-EFED-469D-A524-84DE8D17B700}.Production|Any CPU.ActiveCfg = Production|Any CPU
		{D9078AC5-EFED-469D-A524-84DE8D17B700}.Production|Any CPU.Build.0 = Production|Any CPU
		{D9078AC5-EFED-469D-A524-84DE8D17B700}.Production|iOS.ActiveCfg = Production|Any CPU
		{D9078AC5-EFED-469D-A524-84DE8D17B700}.Production|iOS.Build.0 = Production|Any CPU
		{D9078AC5-EFED-469D-A524-84DE8D17B700}.Production|Windows-ARM.ActiveCfg = Production|Any CPU
		{D9078AC5-EFED-469D-A524-84DE8D17B700}.Production|Windows-ARM.Build.0 = Production|Any CPU
		{D9078AC5-EFED-469D-A524-84DE8D17B700}.Production|Windows-x64.ActiveCfg = Production|Any CPU
		{D9078AC5-EFED-469D-A524-84DE8D17B700}.Production|Windows-x64.Build.0 = Production|Any CPU
		{D9078AC5-EFED-469D-A524-84DE8D17B700}.Production|Windows-x86.ActiveCfg = Production|Any CPU
		{D9078AC5-EFED-469D-A524-84DE8D17B700}.Production|Windows-x86.Build.0 = Production|Any CPU
		{D9078AC5-EFED-469D-A524-84DE8D17B700}.Release|Android.ActiveCfg = Release|Any CPU
		{D9078AC5-EFED-469D-A524-84DE8D17B700}.Release|Android.Build.0 = Release|Any CPU
		{D9078AC5-EFED-469D-A524-84DE8D17B700}.Release|Any CPU.ActiveCfg = Release|Any CPU
		{D9078AC5-EFED-469D-A524-84DE8D17B700}.Release|Any CPU.Build.0 = Release|Any CPU
		{D9078AC5-EFED-469D-A524-84DE8D17B700}.Release|iOS.ActiveCfg = Release|Any CPU
		{D9078AC5-EFED-469D-A524-84DE8D17B700}.Release|iOS.Build.0 = Release|Any CPU
		{D9078AC5-EFED-469D-A524-84DE8D17B700}.Release|Windows-ARM.ActiveCfg = Release|Any CPU
		{D9078AC5-EFED-469D-A524-84DE8D17B700}.Release|Windows-ARM.Build.0 = Release|Any CPU
		{D9078AC5-EFED-469D-A524-84DE8D17B700}.Release|Windows-x64.ActiveCfg = Release|Any CPU
		{D9078AC5-EFED-469D-A524-84DE8D17B700}.Release|Windows-x64.Build.0 = Release|Any CPU
		{D9078AC5-EFED-469D-A524-84DE8D17B700}.Release|Windows-x86.ActiveCfg = Release|Any CPU
		{D9078AC5-EFED-469D-A524-84DE8D17B700}.Release|Windows-x86.Build.0 = Release|Any CPU
		{0C0EB20E-65E7-4588-B6D9-AC0873B73232}.Debug|Android.ActiveCfg = Debug|Any CPU
		{0C0EB20E-65E7-4588-B6D9-AC0873B73232}.Debug|Android.Build.0 = Debug|Any CPU
		{0C0EB20E-65E7-4588-B6D9-AC0873B73232}.Debug|Any CPU.ActiveCfg = Debug|Any CPU
		{0C0EB20E-65E7-4588-B6D9-AC0873B73232}.Debug|Any CPU.Build.0 = Debug|Any CPU
		{0C0EB20E-65E7-4588-B6D9-AC0873B73232}.Debug|iOS.ActiveCfg = Debug|Any CPU
		{0C0EB20E-65E7-4588-B6D9-AC0873B73232}.Debug|iOS.Build.0 = Debug|Any CPU
		{0C0EB20E-65E7-4588-B6D9-AC0873B73232}.Debug|Windows-ARM.ActiveCfg = Debug|Any CPU
		{0C0EB20E-65E7-4588-B6D9-AC0873B73232}.Debug|Windows-ARM.Build.0 = Debug|Any CPU
		{0C0EB20E-65E7-4588-B6D9-AC0873B73232}.Debug|Windows-x64.ActiveCfg = Debug|Any CPU
		{0C0EB20E-65E7-4588-B6D9-AC0873B73232}.Debug|Windows-x64.Build.0 = Debug|Any CPU
		{0C0EB20E-65E7-4588-B6D9-AC0873B73232}.Debug|Windows-x86.ActiveCfg = Debug|Any CPU
		{0C0EB20E-65E7-4588-B6D9-AC0873B73232}.Debug|Windows-x86.Build.0 = Debug|Any CPU
		{0C0EB20E-65E7-4588-B6D9-AC0873B73232}.Production|Android.ActiveCfg = Production|Any CPU
		{0C0EB20E-65E7-4588-B6D9-AC0873B73232}.Production|Android.Build.0 = Production|Any CPU
		{0C0EB20E-65E7-4588-B6D9-AC0873B73232}.Production|Any CPU.ActiveCfg = Production|Any CPU
		{0C0EB20E-65E7-4588-B6D9-AC0873B73232}.Production|Any CPU.Build.0 = Production|Any CPU
		{0C0EB20E-65E7-4588-B6D9-AC0873B73232}.Production|iOS.ActiveCfg = Production|Any CPU
		{0C0EB20E-65E7-4588-B6D9-AC0873B73232}.Production|iOS.Build.0 = Production|Any CPU
		{0C0EB20E-65E7-4588-B6D9-AC0873B73232}.Production|Windows-ARM.ActiveCfg = Production|Any CPU
		{0C0EB20E-65E7-4588-B6D9-AC0873B73232}.Production|Windows-ARM.Build.0 = Production|Any CPU
		{0C0EB20E-65E7-4588-B6D9-AC0873B73232}.Production|Windows-x64.ActiveCfg = Production|Any CPU
		{0C0EB20E-65E7-4588-B6D9-AC0873B73232}.Production|Windows-x64.Build.0 = Production|Any CPU
		{0C0EB20E-65E7-4588-B6D9-AC0873B73232}.Production|Windows-x86.ActiveCfg = Production|Any CPU
		{0C0EB20E-65E7-4588-B6D9-AC0873B73232}.Production|Windows-x86.Build.0 = Production|Any CPU
		{0C0EB20E-65E7-4588-B6D9-AC0873B73232}.Release|Android.ActiveCfg = Release|Any CPU
		{0C0EB20E-65E7-4588-B6D9-AC0873B73232}.Release|Android.Build.0 = Release|Any CPU
		{0C0EB20E-65E7-4588-B6D9-AC0873B73232}.Release|Any CPU.ActiveCfg = Release|Any CPU
		{0C0EB20E-65E7-4588-B6D9-AC0873B73232}.Release|Any CPU.Build.0 = Release|Any CPU
		{0C0EB20E-65E7-4588-B6D9-AC0873B73232}.Release|iOS.ActiveCfg = Release|Any CPU
		{0C0EB20E-65E7-4588-B6D9-AC0873B73232}.Release|iOS.Build.0 = Release|Any CPU
		{0C0EB20E-65E7-4588-B6D9-AC0873B73232}.Release|Windows-ARM.ActiveCfg = Release|Any CPU
		{0C0EB20E-65E7-4588-B6D9-AC0873B73232}.Release|Windows-ARM.Build.0 = Release|Any CPU
		{0C0EB20E-65E7-4588-B6D9-AC0873B73232}.Release|Windows-x64.ActiveCfg = Release|Any CPU
		{0C0EB20E-65E7-4588-B6D9-AC0873B73232}.Release|Windows-x64.Build.0 = Release|Any CPU
		{0C0EB20E-65E7-4588-B6D9-AC0873B73232}.Release|Windows-x86.ActiveCfg = Release|Any CPU
		{0C0EB20E-65E7-4588-B6D9-AC0873B73232}.Release|Windows-x86.Build.0 = Release|Any CPU
		{A5143BA2-F52E-44C0-9C6A-7A5EEACD8C52}.Debug|Android.ActiveCfg = Debug|Any CPU
		{A5143BA2-F52E-44C0-9C6A-7A5EEACD8C52}.Debug|Android.Build.0 = Debug|Any CPU
		{A5143BA2-F52E-44C0-9C6A-7A5EEACD8C52}.Debug|Android.Deploy.0 = Debug|Any CPU
		{A5143BA2-F52E-44C0-9C6A-7A5EEACD8C52}.Debug|Any CPU.ActiveCfg = Debug|Any CPU
		{A5143BA2-F52E-44C0-9C6A-7A5EEACD8C52}.Debug|iOS.ActiveCfg = Debug|Any CPU
		{A5143BA2-F52E-44C0-9C6A-7A5EEACD8C52}.Debug|iOS.Build.0 = Debug|Any CPU
		{A5143BA2-F52E-44C0-9C6A-7A5EEACD8C52}.Debug|iOS.Deploy.0 = Debug|Any CPU
		{A5143BA2-F52E-44C0-9C6A-7A5EEACD8C52}.Debug|Windows-ARM.ActiveCfg = Debug|Any CPU
		{A5143BA2-F52E-44C0-9C6A-7A5EEACD8C52}.Debug|Windows-ARM.Build.0 = Debug|Any CPU
		{A5143BA2-F52E-44C0-9C6A-7A5EEACD8C52}.Debug|Windows-ARM.Deploy.0 = Debug|Any CPU
		{A5143BA2-F52E-44C0-9C6A-7A5EEACD8C52}.Debug|Windows-x64.ActiveCfg = Debug|Any CPU
		{A5143BA2-F52E-44C0-9C6A-7A5EEACD8C52}.Debug|Windows-x64.Build.0 = Debug|Any CPU
		{A5143BA2-F52E-44C0-9C6A-7A5EEACD8C52}.Debug|Windows-x64.Deploy.0 = Debug|Any CPU
		{A5143BA2-F52E-44C0-9C6A-7A5EEACD8C52}.Debug|Windows-x86.ActiveCfg = Debug|Any CPU
		{A5143BA2-F52E-44C0-9C6A-7A5EEACD8C52}.Debug|Windows-x86.Build.0 = Debug|Any CPU
		{A5143BA2-F52E-44C0-9C6A-7A5EEACD8C52}.Debug|Windows-x86.Deploy.0 = Debug|Any CPU
		{A5143BA2-F52E-44C0-9C6A-7A5EEACD8C52}.Production|Android.ActiveCfg = Production|Any CPU
		{A5143BA2-F52E-44C0-9C6A-7A5EEACD8C52}.Production|Android.Build.0 = Production|Any CPU
		{A5143BA2-F52E-44C0-9C6A-7A5EEACD8C52}.Production|Android.Deploy.0 = Production|Any CPU
		{A5143BA2-F52E-44C0-9C6A-7A5EEACD8C52}.Production|Any CPU.ActiveCfg = Production|Any CPU
		{A5143BA2-F52E-44C0-9C6A-7A5EEACD8C52}.Production|iOS.ActiveCfg = Production|Any CPU
		{A5143BA2-F52E-44C0-9C6A-7A5EEACD8C52}.Production|iOS.Build.0 = Production|Any CPU
		{A5143BA2-F52E-44C0-9C6A-7A5EEACD8C52}.Production|iOS.Deploy.0 = Production|Any CPU
		{A5143BA2-F52E-44C0-9C6A-7A5EEACD8C52}.Production|Windows-ARM.ActiveCfg = Production|Any CPU
		{A5143BA2-F52E-44C0-9C6A-7A5EEACD8C52}.Production|Windows-ARM.Build.0 = Production|Any CPU
		{A5143BA2-F52E-44C0-9C6A-7A5EEACD8C52}.Production|Windows-ARM.Deploy.0 = Production|Any CPU
		{A5143BA2-F52E-44C0-9C6A-7A5EEACD8C52}.Production|Windows-x64.ActiveCfg = Production|Any CPU
		{A5143BA2-F52E-44C0-9C6A-7A5EEACD8C52}.Production|Windows-x64.Build.0 = Production|Any CPU
		{A5143BA2-F52E-44C0-9C6A-7A5EEACD8C52}.Production|Windows-x64.Deploy.0 = Production|Any CPU
		{A5143BA2-F52E-44C0-9C6A-7A5EEACD8C52}.Production|Windows-x86.ActiveCfg = Production|Any CPU
		{A5143BA2-F52E-44C0-9C6A-7A5EEACD8C52}.Production|Windows-x86.Build.0 = Production|Any CPU
		{A5143BA2-F52E-44C0-9C6A-7A5EEACD8C52}.Production|Windows-x86.Deploy.0 = Production|Any CPU
		{A5143BA2-F52E-44C0-9C6A-7A5EEACD8C52}.Release|Android.ActiveCfg = Release|Any CPU
		{A5143BA2-F52E-44C0-9C6A-7A5EEACD8C52}.Release|Android.Build.0 = Release|Any CPU
		{A5143BA2-F52E-44C0-9C6A-7A5EEACD8C52}.Release|Android.Deploy.0 = Release|Any CPU
		{A5143BA2-F52E-44C0-9C6A-7A5EEACD8C52}.Release|Any CPU.ActiveCfg = Release|Any CPU
		{A5143BA2-F52E-44C0-9C6A-7A5EEACD8C52}.Release|Any CPU.Build.0 = Release|Any CPU
		{A5143BA2-F52E-44C0-9C6A-7A5EEACD8C52}.Release|Any CPU.Deploy.0 = Release|Any CPU
		{A5143BA2-F52E-44C0-9C6A-7A5EEACD8C52}.Release|iOS.ActiveCfg = Release|Any CPU
		{A5143BA2-F52E-44C0-9C6A-7A5EEACD8C52}.Release|iOS.Build.0 = Release|Any CPU
		{A5143BA2-F52E-44C0-9C6A-7A5EEACD8C52}.Release|iOS.Deploy.0 = Release|Any CPU
		{A5143BA2-F52E-44C0-9C6A-7A5EEACD8C52}.Release|Windows-ARM.ActiveCfg = Release|Any CPU
		{A5143BA2-F52E-44C0-9C6A-7A5EEACD8C52}.Release|Windows-ARM.Build.0 = Release|Any CPU
		{A5143BA2-F52E-44C0-9C6A-7A5EEACD8C52}.Release|Windows-ARM.Deploy.0 = Release|Any CPU
		{A5143BA2-F52E-44C0-9C6A-7A5EEACD8C52}.Release|Windows-x64.ActiveCfg = Release|Any CPU
		{A5143BA2-F52E-44C0-9C6A-7A5EEACD8C52}.Release|Windows-x64.Build.0 = Release|Any CPU
		{A5143BA2-F52E-44C0-9C6A-7A5EEACD8C52}.Release|Windows-x64.Deploy.0 = Release|Any CPU
		{A5143BA2-F52E-44C0-9C6A-7A5EEACD8C52}.Release|Windows-x86.ActiveCfg = Release|Any CPU
		{A5143BA2-F52E-44C0-9C6A-7A5EEACD8C52}.Release|Windows-x86.Build.0 = Release|Any CPU
		{A5143BA2-F52E-44C0-9C6A-7A5EEACD8C52}.Release|Windows-x86.Deploy.0 = Release|Any CPU
		{4B26CC83-663B-4D25-9ABE-8CFD0113B71C}.Debug|Android.ActiveCfg = Debug|Any CPU
		{4B26CC83-663B-4D25-9ABE-8CFD0113B71C}.Debug|Android.Build.0 = Debug|Any CPU
		{4B26CC83-663B-4D25-9ABE-8CFD0113B71C}.Debug|Any CPU.ActiveCfg = Debug|Any CPU
		{4B26CC83-663B-4D25-9ABE-8CFD0113B71C}.Debug|Any CPU.Build.0 = Debug|Any CPU
		{4B26CC83-663B-4D25-9ABE-8CFD0113B71C}.Debug|iOS.ActiveCfg = Debug|Any CPU
		{4B26CC83-663B-4D25-9ABE-8CFD0113B71C}.Debug|iOS.Build.0 = Debug|Any CPU
		{4B26CC83-663B-4D25-9ABE-8CFD0113B71C}.Debug|Windows-ARM.ActiveCfg = Debug|Any CPU
		{4B26CC83-663B-4D25-9ABE-8CFD0113B71C}.Debug|Windows-ARM.Build.0 = Debug|Any CPU
		{4B26CC83-663B-4D25-9ABE-8CFD0113B71C}.Debug|Windows-x64.ActiveCfg = Debug|Any CPU
		{4B26CC83-663B-4D25-9ABE-8CFD0113B71C}.Debug|Windows-x64.Build.0 = Debug|Any CPU
		{4B26CC83-663B-4D25-9ABE-8CFD0113B71C}.Debug|Windows-x86.ActiveCfg = Debug|Any CPU
		{4B26CC83-663B-4D25-9ABE-8CFD0113B71C}.Debug|Windows-x86.Build.0 = Debug|Any CPU
		{4B26CC83-663B-4D25-9ABE-8CFD0113B71C}.Production|Android.ActiveCfg = Production|Any CPU
		{4B26CC83-663B-4D25-9ABE-8CFD0113B71C}.Production|Android.Build.0 = Production|Any CPU
		{4B26CC83-663B-4D25-9ABE-8CFD0113B71C}.Production|Any CPU.ActiveCfg = Production|Any CPU
		{4B26CC83-663B-4D25-9ABE-8CFD0113B71C}.Production|Any CPU.Build.0 = Production|Any CPU
		{4B26CC83-663B-4D25-9ABE-8CFD0113B71C}.Production|iOS.ActiveCfg = Production|Any CPU
		{4B26CC83-663B-4D25-9ABE-8CFD0113B71C}.Production|iOS.Build.0 = Production|Any CPU
		{4B26CC83-663B-4D25-9ABE-8CFD0113B71C}.Production|Windows-ARM.ActiveCfg = Production|Any CPU
		{4B26CC83-663B-4D25-9ABE-8CFD0113B71C}.Production|Windows-ARM.Build.0 = Production|Any CPU
		{4B26CC83-663B-4D25-9ABE-8CFD0113B71C}.Production|Windows-x64.ActiveCfg = Production|Any CPU
		{4B26CC83-663B-4D25-9ABE-8CFD0113B71C}.Production|Windows-x64.Build.0 = Production|Any CPU
		{4B26CC83-663B-4D25-9ABE-8CFD0113B71C}.Production|Windows-x86.ActiveCfg = Production|Any CPU
		{4B26CC83-663B-4D25-9ABE-8CFD0113B71C}.Production|Windows-x86.Build.0 = Production|Any CPU
		{4B26CC83-663B-4D25-9ABE-8CFD0113B71C}.Release|Android.ActiveCfg = Release|Any CPU
		{4B26CC83-663B-4D25-9ABE-8CFD0113B71C}.Release|Android.Build.0 = Release|Any CPU
		{4B26CC83-663B-4D25-9ABE-8CFD0113B71C}.Release|Any CPU.ActiveCfg = Release|Any CPU
		{4B26CC83-663B-4D25-9ABE-8CFD0113B71C}.Release|Any CPU.Build.0 = Release|Any CPU
		{4B26CC83-663B-4D25-9ABE-8CFD0113B71C}.Release|iOS.ActiveCfg = Release|Any CPU
		{4B26CC83-663B-4D25-9ABE-8CFD0113B71C}.Release|iOS.Build.0 = Release|Any CPU
		{4B26CC83-663B-4D25-9ABE-8CFD0113B71C}.Release|Windows-ARM.ActiveCfg = Release|Any CPU
		{4B26CC83-663B-4D25-9ABE-8CFD0113B71C}.Release|Windows-ARM.Build.0 = Release|Any CPU
		{4B26CC83-663B-4D25-9ABE-8CFD0113B71C}.Release|Windows-x64.ActiveCfg = Release|Any CPU
		{4B26CC83-663B-4D25-9ABE-8CFD0113B71C}.Release|Windows-x64.Build.0 = Release|Any CPU
		{4B26CC83-663B-4D25-9ABE-8CFD0113B71C}.Release|Windows-x86.ActiveCfg = Release|Any CPU
		{4B26CC83-663B-4D25-9ABE-8CFD0113B71C}.Release|Windows-x86.Build.0 = Release|Any CPU
		{A23B2554-BCED-474A-A666-4186C76D9020}.Debug|Android.ActiveCfg = Debug|Any CPU
		{A23B2554-BCED-474A-A666-4186C76D9020}.Debug|Android.Build.0 = Debug|Any CPU
		{A23B2554-BCED-474A-A666-4186C76D9020}.Debug|Any CPU.ActiveCfg = Debug|Any CPU
		{A23B2554-BCED-474A-A666-4186C76D9020}.Debug|Any CPU.Build.0 = Debug|Any CPU
		{A23B2554-BCED-474A-A666-4186C76D9020}.Debug|iOS.ActiveCfg = Debug|Any CPU
		{A23B2554-BCED-474A-A666-4186C76D9020}.Debug|iOS.Build.0 = Debug|Any CPU
		{A23B2554-BCED-474A-A666-4186C76D9020}.Debug|Windows-ARM.ActiveCfg = Debug|Any CPU
		{A23B2554-BCED-474A-A666-4186C76D9020}.Debug|Windows-ARM.Build.0 = Debug|Any CPU
		{A23B2554-BCED-474A-A666-4186C76D9020}.Debug|Windows-x64.ActiveCfg = Debug|Any CPU
		{A23B2554-BCED-474A-A666-4186C76D9020}.Debug|Windows-x64.Build.0 = Debug|Any CPU
		{A23B2554-BCED-474A-A666-4186C76D9020}.Debug|Windows-x86.ActiveCfg = Debug|Any CPU
		{A23B2554-BCED-474A-A666-4186C76D9020}.Debug|Windows-x86.Build.0 = Debug|Any CPU
		{A23B2554-BCED-474A-A666-4186C76D9020}.Production|Android.ActiveCfg = Production|Any CPU
		{A23B2554-BCED-474A-A666-4186C76D9020}.Production|Android.Build.0 = Production|Any CPU
		{A23B2554-BCED-474A-A666-4186C76D9020}.Production|Any CPU.ActiveCfg = Production|Any CPU
		{A23B2554-BCED-474A-A666-4186C76D9020}.Production|Any CPU.Build.0 = Production|Any CPU
		{A23B2554-BCED-474A-A666-4186C76D9020}.Production|iOS.ActiveCfg = Production|Any CPU
		{A23B2554-BCED-474A-A666-4186C76D9020}.Production|iOS.Build.0 = Production|Any CPU
		{A23B2554-BCED-474A-A666-4186C76D9020}.Production|Windows-ARM.ActiveCfg = Production|Any CPU
		{A23B2554-BCED-474A-A666-4186C76D9020}.Production|Windows-ARM.Build.0 = Production|Any CPU
		{A23B2554-BCED-474A-A666-4186C76D9020}.Production|Windows-x64.ActiveCfg = Production|Any CPU
		{A23B2554-BCED-474A-A666-4186C76D9020}.Production|Windows-x64.Build.0 = Production|Any CPU
		{A23B2554-BCED-474A-A666-4186C76D9020}.Production|Windows-x86.ActiveCfg = Production|Any CPU
		{A23B2554-BCED-474A-A666-4186C76D9020}.Production|Windows-x86.Build.0 = Production|Any CPU
		{A23B2554-BCED-474A-A666-4186C76D9020}.Release|Android.ActiveCfg = Release|Any CPU
		{A23B2554-BCED-474A-A666-4186C76D9020}.Release|Android.Build.0 = Release|Any CPU
		{A23B2554-BCED-474A-A666-4186C76D9020}.Release|Any CPU.ActiveCfg = Release|Any CPU
		{A23B2554-BCED-474A-A666-4186C76D9020}.Release|Any CPU.Build.0 = Release|Any CPU
		{A23B2554-BCED-474A-A666-4186C76D9020}.Release|iOS.ActiveCfg = Release|Any CPU
		{A23B2554-BCED-474A-A666-4186C76D9020}.Release|iOS.Build.0 = Release|Any CPU
		{A23B2554-BCED-474A-A666-4186C76D9020}.Release|Windows-ARM.ActiveCfg = Release|Any CPU
		{A23B2554-BCED-474A-A666-4186C76D9020}.Release|Windows-ARM.Build.0 = Release|Any CPU
		{A23B2554-BCED-474A-A666-4186C76D9020}.Release|Windows-x64.ActiveCfg = Release|Any CPU
		{A23B2554-BCED-474A-A666-4186C76D9020}.Release|Windows-x64.Build.0 = Release|Any CPU
		{A23B2554-BCED-474A-A666-4186C76D9020}.Release|Windows-x86.ActiveCfg = Release|Any CPU
		{A23B2554-BCED-474A-A666-4186C76D9020}.Release|Windows-x86.Build.0 = Release|Any CPU
	EndGlobalSection
	GlobalSection(SolutionProperties) = preSolution
		HideSolutionNode = FALSE
	EndGlobalSection
	GlobalSection(ExtensibilityGlobals) = postSolution
		SolutionGuid = {95E1467D-8B24-48CD-B9C1-40291FA4AB86}
	EndGlobalSection
EndGlobal
